
Microsoft Visual Studio Solution File, Format Version 12.00
# Visual Studio Version 17
VisualStudioVersion = 17.9.34622.214
MinimumVisualStudioVersion = 10.0.40219.1
Project("{FAE04EC0-301F-11D3-BF4B-00C04F79EFBC}") = "S.EN", "S.EN\S.EN.csproj", "{EFB786FF-0F6A-431F-B2D5-3CAFA3F6033E}"
EndProject
Project("{FAE04EC0-301F-11D3-BF4B-00C04F79EFBC}") = "S.BL", "S.BL\S.BL.csproj", "{37AD4AB9-49B9-4BA5-872A-12E6177EDD59}"
EndProject
Project("{FAE04EC0-301F-11D3-BF4B-00C04F79EFBC}") = "S.DAL", "S.DAL\S.DAL.csproj", "{B2D1A7B2-2005-4EF0-BDB0-22AA5FBA9B80}"
EndProject
Project("{FAE04EC0-301F-11D3-BF4B-00C04F79EFBC}") = "S.AppWebMVC", "S.AppWebMVC\S.AppWebMVC.csproj", "{3BE5AFA6-EEEF-49FE-A5B9-C9F5EC81524D}"
EndProject
Global
	GlobalSection(SolutionConfigurationPlatforms) = preSolution
		Debug|Any CPU = Debug|Any CPU
		Release|Any CPU = Release|Any CPU
	EndGlobalSection
	GlobalSection(ProjectConfigurationPlatforms) = postSolution
		{EFB786FF-0F6A-431F-B2D5-3CAFA3F6033E}.Debug|Any CPU.ActiveCfg = Debug|Any CPU
		{EFB786FF-0F6A-431F-B2D5-3CAFA3F6033E}.Debug|Any CPU.Build.0 = Debug|Any CPU
		{EFB786FF-0F6A-431F-B2D5-3CAFA3F6033E}.Release|Any CPU.ActiveCfg = Release|Any CPU
		{EFB786FF-0F6A-431F-B2D5-3CAFA3F6033E}.Release|Any CPU.Build.0 = Release|Any CPU
		{37AD4AB9-49B9-4BA5-872A-12E6177EDD59}.Debug|Any CPU.ActiveCfg = Debug|Any CPU
		{37AD4AB9-49B9-4BA5-872A-12E6177EDD59}.Debug|Any CPU.Build.0 = Debug|Any CPU
		{37AD4AB9-49B9-4BA5-872A-12E6177EDD59}.Release|Any CPU.ActiveCfg = Release|Any CPU
		{37AD4AB9-49B9-4BA5-872A-12E6177EDD59}.Release|Any CPU.Build.0 = Release|Any CPU
		{B2D1A7B2-2005-4EF0-BDB0-22AA5FBA9B80}.Debug|Any CPU.ActiveCfg = Debug|Any CPU
		{B2D1A7B2-2005-4EF0-BDB0-22AA5FBA9B80}.Debug|Any CPU.Build.0 = Debug|Any CPU
		{B2D1A7B2-2005-4EF0-BDB0-22AA5FBA9B80}.Release|Any CPU.ActiveCfg = Release|Any CPU
		{B2D1A7B2-2005-4EF0-BDB0-22AA5FBA9B80}.Release|Any CPU.Build.0 = Release|Any CPU
		{3BE5AFA6-EEEF-49FE-A5B9-C9F5EC81524D}.Debug|Any CPU.ActiveCfg = Debug|Any CPU
		{3BE5AFA6-EEEF-49FE-A5B9-C9F5EC81524D}.Debug|Any CPU.Build.0 = Debug|Any CPU
		{3BE5AFA6-EEEF-49FE-A5B9-C9F5EC81524D}.Release|Any CPU.ActiveCfg = Release|Any CPU
		{3BE5AFA6-EEEF-49FE-A5B9-C9F5EC81524D}.Release|Any CPU.Build.0 = Release|Any CPU
	EndGlobalSection
	GlobalSection(SolutionProperties) = preSolution
		HideSolutionNode = FALSE
	EndGlobalSection
	GlobalSection(ExtensibilityGlobals) = postSolution
		SolutionGuid = {B35059A0-1805-46EB-A4A8-BA17C4C9F14C}
	EndGlobalSection
EndGlobal
